
Microsoft Visual Studio Solution File, Format Version 12.00
# Visual Studio 15
VisualStudioVersion = 15.0.27428.2002
MinimumVisualStudioVersion = 10.0.40219.1
Project("{FAE04EC0-301F-11D3-BF4B-00C04F79EFBC}") = "BallsAndLines", "WPF_Apps\BallsAndLines.csproj", "{EB3F65C9-936F-47C5-BFC2-D15F7ED3EF77}"
EndProject
Project("{FAE04EC0-301F-11D3-BF4B-00C04F79EFBC}") = "UnitTestBallsAndLines", "UnitTestBallsAndLines\UnitTestBallsAndLines.csproj", "{1479FC1E-5E4F-4F66-B9B7-711C7B977045}"
EndProject
Global
	GlobalSection(SolutionConfigurationPlatforms) = preSolution
		Debug|Any CPU = Debug|Any CPU
		Release|Any CPU = Release|Any CPU
	EndGlobalSection
	GlobalSection(ProjectConfigurationPlatforms) = postSolution
		{EB3F65C9-936F-47C5-BFC2-D15F7ED3EF77}.Debug|Any CPU.ActiveCfg = Debug|Any CPU
		{EB3F65C9-936F-47C5-BFC2-D15F7ED3EF77}.Debug|Any CPU.Build.0 = Debug|Any CPU
		{EB3F65C9-936F-47C5-BFC2-D15F7ED3EF77}.Release|Any CPU.ActiveCfg = Debug|Any CPU
		{EB3F65C9-936F-47C5-BFC2-D15F7ED3EF77}.Release|Any CPU.Build.0 = Debug|Any CPU
		{1479FC1E-5E4F-4F66-B9B7-711C7B977045}.Debug|Any CPU.ActiveCfg = Debug|Any CPU
		{1479FC1E-5E4F-4F66-B9B7-711C7B977045}.Debug|Any CPU.Build.0 = Debug|Any CPU
		{1479FC1E-5E4F-4F66-B9B7-711C7B977045}.Release|Any CPU.ActiveCfg = Release|Any CPU
		{1479FC1E-5E4F-4F66-B9B7-711C7B977045}.Release|Any CPU.Build.0 = Release|Any CPU
	EndGlobalSection
	GlobalSection(SolutionProperties) = preSolution
		HideSolutionNode = FALSE
	EndGlobalSection
	GlobalSection(ExtensibilityGlobals) = postSolution
		SolutionGuid = {009D68AB-4D0E-4E9F-9704-96985762FEC6}
	EndGlobalSection
	GlobalSection(TeamFoundationVersionControl) = preSolution
		SccNumberOfProjects = 3
		SccEnterpriseProvider = {4CA58AB2-18FA-4F8D-95D4-32DDF27D184C}
		SccTeamFoundationServer = https://dev-tfs.kharkov.dbbest.com/tfs/studentprojects
		SccLocalPath0 = .
		SccProjectUniqueName1 = WPF_Apps\\BallsAndLines.csproj
		SccProjectName1 = WPF_Apps
		SccLocalPath1 = WPF_Apps
		SccProjectUniqueName2 = UnitTestBallsAndLines\\UnitTestBallsAndLines.csproj
		SccProjectName2 = UnitTestBallsAndLines
		SccLocalPath2 = UnitTestBallsAndLines
	EndGlobalSection
EndGlobal
